# This file is autogenerated, do not edit; changes may be undone by the next 'dep ensure'.


[[projects]]
  branch = "master"
  digest = "1:25185b08ce627ebe3c7af6758b9bde3cdf20d32166b0b40cd184a6efeb29d228"
  name = "git.garena.com/common/gocommon"
  packages = [
    ".",
    "logfile",
  ]
  pruneopts = "UT"
  revision = "9196dec46cce03e80aed6dc3b4698be263a3d93f"

[[projects]]
  branch = "master"
  digest = "1:8aec747d1acfd38ff9b5d1f4192d594489d73e7a150e1720e83e416abeb0b61c"
  name = "git.garena.com/shopee/deep/lumberjack"
  packages = ["."]
  pruneopts = "UT"
  revision = "5a16bd3ef2e1b6c648e8e96621a87ab71665d9b5"

[[projects]]
  branch = "master"
  digest = "1:b18b4bfe191a1b8e6294289b5e946267ea78f26737ba995890be414c30c98d8e"
  name = "git.garena.com/shopee/deep/quality-control-lib"
  packages = [
    "common",
    "metrics",
    "service/http",
    "util",
  ]
  pruneopts = "UT"
  revision = "747a52ec79ba6ae5fd326b4e5200cc789f6434e2"

[[projects]]
  branch = "master"
  digest = "1:0c48685b15fb04da68b58a90d1a67a66cbff2e019e0eacda5ac07436d29b81c0"
  name = "git.garena.com/shopee/deep/quality-control-platform-common"
  packages = [
    "quality-control-common",
    "quality-control-model-service-common",
  ]
  pruneopts = "UT"
  revision = "47ef28b1bee8e5ca3d58b3a1a9dc160a43a1c6be"

[[projects]]
  digest = "1:805b7bb596cf51c7cca39be7a8aa788341fe3f550868463cb4c4bda15336712c"
  name = "git.garena.com/shopee/go-shopeelib"
  packages = ["logger"]
  pruneopts = "UT"
  revision = "96746df4586e6d04166f37e6369519a4fe588631"
  version = "v0.0.1"

[[projects]]
  branch = "master"
  digest = "1:99bcf4d2bd50f2ee8a9d1a62cf611cedd0874339afc9fd64c94671fdd28a778b"
  name = "git.garena.com/shopee/golang_splib"
  packages = [
    ".",
    "spnet",
    "spnet/spnetlog",
    "sps",
  ]
  pruneopts = "UT"
  revision = "b65fa2a0b97715ea2e72cfdb7012a35769b36c5c"

[[projects]]
  digest = "1:c8bd5579669b458ecd11924d9e702d89779bca592d0b08c32a66530cb8e4abfa"
  name = "git.garena.com/shopee/platform/splog"
  packages = [
    ".",
    "bufferpool",
    "comm",
    "core",
    "handlers/logfmt",
  ]
  pruneopts = "UT"
  revision = "29c94820861904fc3c25b169a6880e2f39250b38"
  version = "v1.4.4"

[[projects]]
  digest = "1:5eea9a6d36cf70b7552e944183cb5f19096dffbe433ae0ed377893bc06351846"
  name = "git.garena.com/shopee/platform/trace"
  packages = ["."]
  pruneopts = "UT"
  revision = "b00103f81dead850a86ba8a7c1c6eee02f14996a"
  version = "0.1.0"

[[projects]]
  digest = "1:2e8a92ae284c8d6de172e55b516b3ac2a106c211c1db38c75ffd6345089cb720"
  name = "git.garena.com/shopee/sp_protocol"
  packages = [
    "golang/common.pb",
    "golang/spex.pb",
  ]
  pruneopts = "UT"
  revision = "6e8030fc1491a363b631909ceb2c413d0dac9910"
  version = "0.5.4"

[[projects]]
  digest = "1:9f3b30d9f8e0d7040f729b82dcbc8f0dead820a133b3147ce355fc451f32d761"
  name = "github.com/BurntSushi/toml"
  packages = ["."]
  pruneopts = "UT"
  revision = "3012a1dbe2e4bd1391d42b32f0577cb7bbc7f005"
  version = "v0.3.1"

[[projects]]
  digest = "1:d6afaeed1502aa28e80a4ed0981d570ad91b2579193404256ce672ed0a609e0d"
  name = "github.com/beorn7/perks"
  packages = ["quantile"]
  pruneopts = "UT"
  revision = "37c8de3658fcb183f997c4e13e8337516ab753e6"
  version = "v1.0.1"

[[projects]]
  digest = "1:4caab6f14c6b9654ccb7d398791d1f71a2d4e693ea508d29659a173e1b2e644a"
  name = "github.com/gogo/protobuf"
  packages = ["proto"]
  pruneopts = "UT"
  revision = "5628607bb4c51c3157aacc3a50f0ab707582b805"
  version = "v1.3.1"

[[projects]]
  digest = "1:0314772c6631bb25d46f0b6a46bed7145e359cbb7411db99682a3b0d1d0cd00f"
  name = "github.com/golang/protobuf"
  packages = [
    "proto",
    "ptypes",
    "ptypes/any",
    "ptypes/duration",
    "ptypes/timestamp",
  ]
  pruneopts = "UT"
  revision = "d23c5127dc24889085f8ccea5c9d560a57a879d8"
  version = "v1.3.3"

[[projects]]
  digest = "1:7cd2924a44ecf80a319cfa2378529fabd348d011b739fb4eccc565f65e3296c4"
  name = "github.com/json-iterator/go"
  packages = ["."]
  pruneopts = "UT"
  revision = "acfec88f7a0d5140ace3dcdbee10184e3684a9e1"
  version = "v1.1.9"

[[projects]]
  digest = "1:cb7edefacdcbfd95b7611c11b3b027404fa39a66fdc91f6366e1811cbdb5cd3e"
  name = "github.com/klauspost/compress"
  packages = [
    "flate",
    "gzip",
    "zlib",
  ]
  pruneopts = "UT"
  revision = "459b83aadb42b806aed42f0f4b3240c8834e0cc1"
  version = "v1.9.8"

[[projects]]
  digest = "1:ff5ebae34cfbf047d505ee150de27e60570e8c394b3b8fdbb720ff6ac71985fc"
  name = "github.com/matttproud/golang_protobuf_extensions"
  packages = ["pbutil"]
  pruneopts = "UT"
  revision = "c12348ce28de40eed0136aa2b644d0ee0650e56c"
  version = "v1.0.1"

[[projects]]
  digest = "1:33422d238f147d247752996a26574ac48dcf472976eda7f5134015f06bf16563"
  name = "github.com/modern-go/concurrent"
  packages = ["."]
  pruneopts = "UT"
  revision = "bacd9c7ef1dd9b15be4a9909b8ac7a4e313eec94"
  version = "1.0.3"

[[projects]]
  digest = "1:e32bdbdb7c377a07a9a46378290059822efdce5c8d96fe71940d87cb4f918855"
  name = "github.com/modern-go/reflect2"
  packages = ["."]
  pruneopts = "UT"
  revision = "4b7aa43c6742a2c18fdef89dd197aaae7dac7ccd"
  version = "1.0.1"

[[projects]]
  digest = "1:cf31692c14422fa27c83a05292eb5cbe0fb2775972e8f1f8446a71549bd8980b"
  name = "github.com/pkg/errors"
  packages = ["."]
  pruneopts = "UT"
  revision = "ba968bfe8b2f7e042a574c888954fccecfa385b4"
  version = "v0.8.1"

[[projects]]
  digest = "1:7097829edd12fd7211fca0d29496b44f94ef9e6d72f88fb64f3d7b06315818ad"
  name = "github.com/prometheus/client_golang"
  packages = [
    "prometheus",
    "prometheus/internal",
  ]
  pruneopts = "UT"
  revision = "170205fb58decfd011f1550d4cfb737230d7ae4f"
  version = "v1.1.0"

[[projects]]
  branch = "master"
  digest = "1:0db23933b8052702d980a3f029149b3f175f7c0eea0cff85b175017d0f2722c0"
  name = "github.com/prometheus/client_model"
  packages = ["go"]
  pruneopts = "UT"
  revision = "7bc5445566f0fe75b15de23e6b93886e982d7bf9"

[[projects]]
  digest = "1:c1139d84a6fab0d2ebfda1ab3fe5f822162be845045db230aa1c672927d320c8"
  name = "github.com/prometheus/common"
  packages = [
    "expfmt",
    "internal/bitbucket.org/ww/goautoneg",
    "model",
  ]
  pruneopts = "UT"
  revision = "d978bcb1309602d68bb4ba69cf3f8ed900e07308"
  version = "v0.9.1"

[[projects]]
  digest = "1:ec0ff4bd619a67065e34d6477711ed0117e335f99059a4c508e0fe21cfe7b304"
  name = "github.com/prometheus/procfs"
  packages = [
    ".",
    "internal/fs",
    "internal/util",
  ]
  pruneopts = "UT"
  revision = "6d489fc7f1d9cd890a250f3ea3431b1744b9623f"
  version = "v0.0.8"

[[projects]]
  branch = "master"
  digest = "1:a746154018b962171a13c081c3158b836f7886eacc69c44871aab2ff633db4cd"
  name = "github.com/sillyousu/goid"
  packages = ["."]
  pruneopts = "UT"
  revision = "4c1c17f636f684b4cf43fea92ece02abeea3d6a6"

[[projects]]
  digest = "1:541583f90baf0adc4c514660dab68ff309488554b3d3cd1c7594deff064faf06"
  name = "github.com/uber/jaeger-lib"
  packages = [
    "metrics",
    "metrics/prometheus",
  ]
  pruneopts = "UT"
  revision = "a87ae9d84fb038a8d79266298970720be7c80fcd"
  version = "v2.2.0"

[[projects]]
  digest = "1:c468422f334a6b46a19448ad59aaffdfc0a36b08fdcc1c749a0b29b6453d7e59"
  name = "github.com/valyala/bytebufferpool"
  packages = ["."]
  pruneopts = "UT"
  revision = "e746df99fe4a3986f4d4f79e13c1e0117ce9c2f7"
  version = "v1.0.0"

[[projects]]
  branch = "master"
  digest = "1:7fab6ddf8934ef46bb0e83f9d8fa6cbd15dbdce9c738231d148b10d1762e06f4"
  name = "github.com/valyala/fasthttp"
  packages = [
    ".",
    "fasthttputil",
    "stackless",
  ]
  pruneopts = "UT"
  revision = "69d5c3721a71f33ed6be8cc8bb5d8a476efedea8"

[[projects]]
  digest = "1:c708d00d1097e62bf4f3a72f239efa7dafc257581421b0b7d3789e1ff5299f30"
  name = "go.uber.org/atomic"
  packages = ["."]
  pruneopts = "UT"
  revision = "40ae6a40a970ef4cdbffa7b24b280e316db8accc"
  version = "v1.5.1"

[[projects]]
  digest = "1:e6d88834deb4e35eb998c74f4d042db6ccecaaf62c0f6d57905852800994af00"
  name = "go.uber.org/multierr"
  packages = ["."]
  pruneopts = "UT"
  revision = "824d08f79702fe5f54aca8400aa0d754318786e7"
  version = "v1.4.0"

[[projects]]
  branch = "master"
  digest = "1:3032e90a153750ea149f68bf081f97ca738f041fba45c41c80737f572ffdf2f4"
  name = "go.uber.org/tools"
  packages = ["update-license"]
  pruneopts = "UT"
  revision = "2cfd321de3ee5d5f8a5fda2521d1703478334d98"

[[projects]]
  digest = "1:260048b6193e304ee294452a9e3410c474e3ce187248c7e2e4a2631207386f74"
  name = "go.uber.org/zap"
  packages = [
    ".",
    "buffer",
    "internal/bufferpool",
    "internal/color",
    "internal/exit",
    "zapcore",
  ]
  pruneopts = "UT"
  revision = "33e58d4d0120aa28d4df84cd244838c490846c9d"
  version = "v1.13.0"

[[projects]]
  branch = "master"
  digest = "1:802fc3c45ff4507b6e4a5c0c5ea55836242aeac3b8eddfe31d5d80a3cac50731"
  name = "golang.org/x/lint"
  packages = [
    ".",
    "golint",
  ]
  pruneopts = "UT"
  revision = "910be7a94367618fd0fd25eaabbee4fdc0ac7092"

[[projects]]
  branch = "master"
  digest = "1:181b0f31060ef04339c16e7bba946726dc4801a547f06edbd26d2b72a09df98c"
  name = "golang.org/x/sys"
  packages = ["windows"]
  pruneopts = "UT"
  revision = "9fbb57f87de9ccfe3a99d4e3270ce8a926ebba4f"

[[projects]]
  branch = "master"
  digest = "1:048c2d9968a02665e815995397497caf0427a29789473b30cd21e209d5652328"
  name = "golang.org/x/tools"
  packages = [
    "go/analysis",
    "go/analysis/passes/inspect",
    "go/ast/astutil",
    "go/ast/inspector",
    "go/buildutil",
    "go/gcexportdata",
    "go/internal/gcimporter",
    "go/internal/packagesdriver",
    "go/packages",
    "go/types/objectpath",
    "go/types/typeutil",
    "internal/packagesinternal",
  ]
  pruneopts = "UT"
  revision = "ecb101ed655036dbb0b743ef039cc3e9d44dbf83"

[[projects]]
  digest = "1:131158a88aad1f94854d0aa21a64af2802d0a470fb0f01cb33c04fafd2047111"
  name = "honnef.co/go/tools"
  packages = [
    "arg",
    "cmd/staticcheck",
    "config",
    "deprecated",
    "facts",
    "functions",
    "go/types/typeutil",
    "internal/cache",
    "internal/passes/buildssa",
    "internal/renameio",
    "internal/sharedcheck",
    "lint",
    "lint/lintdsl",
    "lint/lintutil",
    "lint/lintutil/format",
    "loader",
    "printf",
    "simple",
    "ssa",
    "ssautil",
    "staticcheck",
    "staticcheck/vrp",
    "stylecheck",
    "unused",
    "version",
  ]
  pruneopts = "UT"
  revision = "afd67930eec2a9ed3e9b19f684d17a062285f16a"
  version = "2019.2.3"

[solve-meta]
  analyzer-name = "dep"
  analyzer-version = 1
  input-imports = [
    "git.garena.com/shopee/deep/quality-control-lib/metrics",
    "github.com/prometheus/client_golang/prometheus",
    "github.com/uber/jaeger-lib/metrics/prometheus",
    "github.com/valyala/fasthttp",
  ]
  solver-name = "gps-cdcl"
  solver-version = 1
